
Microsoft Visual Studio Solution File, Format Version 12.00
# Visual Studio Version 16
VisualStudioVersion = 16.0.29230.61
MinimumVisualStudioVersion = 10.0.40219.1
Project("{9A19103F-16F7-4668-BE54-9A1E7A4F7556}") = "DataJuggler.UltimateHelper", "DataJuggler.UltimateHelper.csproj", "{BFC9D00F-EE36-4F4D-B72F-09BADEC8512B}"
EndProject
Global
	GlobalSection(SolutionConfigurationPlatforms) = preSolution
		Debug|Any CPU = Debug|Any CPU
		Release|Any CPU = Release|Any CPU
	EndGlobalSection
	GlobalSection(ProjectConfigurationPlatforms) = postSolution
		{BFC9D00F-EE36-4F4D-B72F-09BADEC8512B}.Debug|Any CPU.ActiveCfg = Debug|Any CPU
		{BFC9D00F-EE36-4F4D-B72F-09BADEC8512B}.Debug|Any CPU.Build.0 = Debug|Any CPU
		{BFC9D00F-EE36-4F4D-B72F-09BADEC8512B}.Release|Any CPU.ActiveCfg = Release|Any CPU
		{BFC9D00F-EE36-4F4D-B72F-09BADEC8512B}.Release|Any CPU.Build.0 = Release|Any CPU
	EndGlobalSection
	GlobalSection(SolutionProperties) = preSolution
		HideSolutionNode = FALSE
	EndGlobalSection
	GlobalSection(ExtensibilityGlobals) = postSolution
		SolutionGuid = {102EC162-FF50-4AC8-883E-4A406E85693F}
	EndGlobalSection
EndGlobal
